
Microsoft Visual Studio Solution File, Format Version 12.00
# Visual Studio Version 16
VisualStudioVersion = 16.0.30114.105
MinimumVisualStudioVersion = 10.0.40219.1
Project("{9A19103F-16F7-4668-BE54-9A1E7A4F7556}") = "DbSetMock", "src\DbSetMock\DbSetMock.csproj", "{0FD1E6E5-EDFA-4662-A933-71BB9FBF82DA}"
EndProject
Project("{FAE04EC0-301F-11D3-BF4B-00C04F79EFBC}") = "UnitTests", "tests\UnitTests\UnitTests.csproj", "{7826D3E4-233A-4BA9-91CE-274EA97AC3B1}"
EndProject
Global
	GlobalSection(SolutionConfigurationPlatforms) = preSolution
		Debug|Any CPU = Debug|Any CPU
		Release|Any CPU = Release|Any CPU
	EndGlobalSection
	GlobalSection(ProjectConfigurationPlatforms) = postSolution
		{0FD1E6E5-EDFA-4662-A933-71BB9FBF82DA}.Debug|Any CPU.ActiveCfg = Debug|Any CPU
		{0FD1E6E5-EDFA-4662-A933-71BB9FBF82DA}.Debug|Any CPU.Build.0 = Debug|Any CPU
		{0FD1E6E5-EDFA-4662-A933-71BB9FBF82DA}.Release|Any CPU.ActiveCfg = Release|Any CPU
		{0FD1E6E5-EDFA-4662-A933-71BB9FBF82DA}.Release|Any CPU.Build.0 = Release|Any CPU
		{7826D3E4-233A-4BA9-91CE-274EA97AC3B1}.Debug|Any CPU.ActiveCfg = Debug|Any CPU
		{7826D3E4-233A-4BA9-91CE-274EA97AC3B1}.Debug|Any CPU.Build.0 = Debug|Any CPU
		{7826D3E4-233A-4BA9-91CE-274EA97AC3B1}.Release|Any CPU.ActiveCfg = Release|Any CPU
		{7826D3E4-233A-4BA9-91CE-274EA97AC3B1}.Release|Any CPU.Build.0 = Release|Any CPU
	EndGlobalSection
	GlobalSection(SolutionProperties) = preSolution
		HideSolutionNode = FALSE
	EndGlobalSection
	GlobalSection(ExtensibilityGlobals) = postSolution
		SolutionGuid = {1BA0B118-B927-49B2-8B8E-2425D8CC6D81}
	EndGlobalSection
EndGlobal
